
Microsoft Visual Studio Solution File, Format Version 12.00
# Visual Studio Version 17
VisualStudioVersion = 17.8.34004.107
MinimumVisualStudioVersion = 10.0.40219.1
Project("{FAE04EC0-301F-11D3-BF4B-00C04F79EFBC}") = "01", "01\01.csproj", "{DB0F150E-727F-43C1-A291-71EB68C34A7A}"
EndProject
Global
	GlobalSection(SolutionConfigurationPlatforms) = preSolution
		Debug|Any CPU = Debug|Any CPU
		Release|Any CPU = Release|Any CPU
	EndGlobalSection
	GlobalSection(ProjectConfigurationPlatforms) = postSolution
		{DB0F150E-727F-43C1-A291-71EB68C34A7A}.Debug|Any CPU.ActiveCfg = Debug|Any CPU
		{DB0F150E-727F-43C1-A291-71EB68C34A7A}.Debug|Any CPU.Build.0 = Debug|Any CPU
		{DB0F150E-727F-43C1-A291-71EB68C34A7A}.Release|Any CPU.ActiveCfg = Release|Any CPU
		{DB0F150E-727F-43C1-A291-71EB68C34A7A}.Release|Any CPU.Build.0 = Release|Any CPU
	EndGlobalSection
	GlobalSection(SolutionProperties) = preSolution
		HideSolutionNode = FALSE
	EndGlobalSection
	GlobalSection(ExtensibilityGlobals) = postSolution
		SolutionGuid = {29834189-B5D3-43B9-88DB-37419E44E4B3}
	EndGlobalSection
EndGlobal
